
Microsoft Visual Studio Solution File, Format Version 12.00
# Visual Studio Version 17
VisualStudioVersion = 17.4.33213.308
MinimumVisualStudioVersion = 10.0.40219.1
Project("{FAE04EC0-301F-11D3-BF4B-00C04F79EFBC}") = "ClassLibraryPassword", "ClassLibraryPassword\ClassLibraryPassword.csproj", "{37FC86C8-73B3-4289-A8EB-7C1F8161DF5E}"
EndProject
Project("{FAE04EC0-301F-11D3-BF4B-00C04F79EFBC}") = "PasswordCheckerTests", "PasswordCheckerTests\PasswordCheckerTests.csproj", "{856E39BA-FA14-41BE-B4EC-D6EEE7F177D5}"
EndProject
Project("{FAE04EC0-301F-11D3-BF4B-00C04F79EFBC}") = "ConsoleApp1", "ConsoleApp1\ConsoleApp1.csproj", "{6C2899B9-64E8-497E-AB83-6B1E50F44DEB}"
EndProject
Global
	GlobalSection(SolutionConfigurationPlatforms) = preSolution
		Debug|Any CPU = Debug|Any CPU
		Release|Any CPU = Release|Any CPU
	EndGlobalSection
	GlobalSection(ProjectConfigurationPlatforms) = postSolution
		{37FC86C8-73B3-4289-A8EB-7C1F8161DF5E}.Debug|Any CPU.ActiveCfg = Debug|Any CPU
		{37FC86C8-73B3-4289-A8EB-7C1F8161DF5E}.Debug|Any CPU.Build.0 = Debug|Any CPU
		{37FC86C8-73B3-4289-A8EB-7C1F8161DF5E}.Release|Any CPU.ActiveCfg = Release|Any CPU
		{37FC86C8-73B3-4289-A8EB-7C1F8161DF5E}.Release|Any CPU.Build.0 = Release|Any CPU
		{856E39BA-FA14-41BE-B4EC-D6EEE7F177D5}.Debug|Any CPU.ActiveCfg = Debug|Any CPU
		{856E39BA-FA14-41BE-B4EC-D6EEE7F177D5}.Debug|Any CPU.Build.0 = Debug|Any CPU
		{856E39BA-FA14-41BE-B4EC-D6EEE7F177D5}.Release|Any CPU.ActiveCfg = Release|Any CPU
		{856E39BA-FA14-41BE-B4EC-D6EEE7F177D5}.Release|Any CPU.Build.0 = Release|Any CPU
		{6C2899B9-64E8-497E-AB83-6B1E50F44DEB}.Debug|Any CPU.ActiveCfg = Debug|Any CPU
		{6C2899B9-64E8-497E-AB83-6B1E50F44DEB}.Debug|Any CPU.Build.0 = Debug|Any CPU
		{6C2899B9-64E8-497E-AB83-6B1E50F44DEB}.Release|Any CPU.ActiveCfg = Release|Any CPU
		{6C2899B9-64E8-497E-AB83-6B1E50F44DEB}.Release|Any CPU.Build.0 = Release|Any CPU
	EndGlobalSection
	GlobalSection(SolutionProperties) = preSolution
		HideSolutionNode = FALSE
	EndGlobalSection
	GlobalSection(ExtensibilityGlobals) = postSolution
		SolutionGuid = {A1DA2A25-0528-4FFB-A8C9-3B8EFFA9ABE3}
	EndGlobalSection
EndGlobal
